// !$*UTF8*$!
{
	archiveVersion = 1;
	classes = {
	};
	objectVersion = 46;
	objects = {

/* Begin PBXBuildFile section */
		E85D08F31AA5C8A50088CA28 /* Foundation.framework in Frameworks */ = {isa = PBXBuildFile; fileRef = E85D08F21AA5C8A50088CA28 /* Foundation.framework */; };
		E85D08F51AA5C8AD0088CA28 /* UIKit.framework in Frameworks */ = {isa = PBXBuildFile; fileRef = E85D08F41AA5C8AD0088CA28 /* UIKit.framework */; };
		E85D08F71AA5CA080088CA28 /* loginView.xib in Resources */ = {isa = PBXBuildFile; fileRef = E85D08F61AA5CA080088CA28 /* loginView.xib */; };
		E85D08FA1AA5CCBA0088CA28 /* loginView.m in Sources */ = {isa = PBXBuildFile; fileRef = E85D08F91AA5CCBA0088CA28 /* loginView.m */; };
		E85D08FD1AA5CF420088CA28 /* ListViewController.m in Sources */ = {isa = PBXBuildFile; fileRef = E85D08FC1AA5CF420088CA28 /* ListViewController.m */; };
		E8FAA89E1AA4A08700686796 /* main.m in Sources */ = {isa = PBXBuildFile; fileRef = E8FAA89D1AA4A08700686796 /* main.m */; };
		E8FAA8A11AA4A08700686796 /* AppDelegate.m in Sources */ = {isa = PBXBuildFile; fileRef = E8FAA8A01AA4A08700686796 /* AppDelegate.m */; };
		E8FAA8A71AA4A08700686796 /* Main.storyboard in Resources */ = {isa = PBXBuildFile; fileRef = E8FAA8A51AA4A08700686796 /* Main.storyboard */; };
		E8FAA8A91AA4A08700686796 /* Images.xcassets in Resources */ = {isa = PBXBuildFile; fileRef = E8FAA8A81AA4A08700686796 /* Images.xcassets */; };
		E8FAA8AC1AA4A08700686796 /* LaunchScreen.xib in Resources */ = {isa = PBXBuildFile; fileRef = E8FAA8AA1AA4A08700686796 /* LaunchScreen.xib */; };
		E8FAA8B81AA4A08700686796 /* pastaaTests.m in Sources */ = {isa = PBXBuildFile; fileRef = E8FAA8B71AA4A08700686796 /* pastaaTests.m */; };
		E8FAA8C31AA4A14E00686796 /* LoginViewController.m in Sources */ = {isa = PBXBuildFile; fileRef = E8FAA8C21AA4A14E00686796 /* LoginViewController.m */; };
		E8FAA8C51AA4A54500686796 /* registerView.xib in Resources */ = {isa = PBXBuildFile; fileRef = E8FAA8C41AA4A54500686796 /* registerView.xib */; };
		E8FAA8C71AA4A61E00686796 /* foodTest.jpg in Resources */ = {isa = PBXBuildFile; fileRef = E8FAA8C61AA4A61E00686796 /* foodTest.jpg */; };
		E8FAA8C91AA4A6A600686796 /* test.jpg in Resources */ = {isa = PBXBuildFile; fileRef = E8FAA8C81AA4A6A600686796 /* test.jpg */; };
		E8FAA8CF1AA4ABA600686796 /* registerView.m in Sources */ = {isa = PBXBuildFile; fileRef = E8FAA8CE1AA4ABA600686796 /* registerView.m */; };
/* End PBXBuildFile section */

/* Begin PBXContainerItemProxy section */
		E8FAA8B21AA4A08700686796 /* PBXContainerItemProxy */ = {
			isa = PBXContainerItemProxy;
			containerPortal = E8FAA8901AA4A08600686796 /* Project object */;
			proxyType = 1;
			remoteGlobalIDString = E8FAA8971AA4A08700686796;
			remoteInfo = pastaa;
		};
/* End PBXContainerItemProxy section */

/* Begin PBXFileReference section */
		E85D08F21AA5C8A50088CA28 /* Foundation.framework */ = {isa = PBXFileReference; lastKnownFileType = wrapper.framework; name = Foundation.framework; path = System/Library/Frameworks/Foundation.framework; sourceTree = SDKROOT; };
		E85D08F41AA5C8AD0088CA28 /* UIKit.framework */ = {isa = PBXFileReference; lastKnownFileType = wrapper.framework; name = UIKit.framework; path = System/Library/Frameworks/UIKit.framework; sourceTree = SDKROOT; };
		E85D08F61AA5CA080088CA28 /* loginView.xib */ = {isa = PBXFileReference; fileEncoding = 4; lastKnownFileType = file.xib; path = loginView.xib; sourceTree = "<group>"; };
		E85D08F81AA5CCBA0088CA28 /* loginView.h */ = {isa = PBXFileReference; fileEncoding = 4; lastKnownFileType = sourcecode.c.h; path = loginView.h; sourceTree = "<group>"; };
		E85D08F91AA5CCBA0088CA28 /* loginView.m */ = {isa = PBXFileReference; fileEncoding = 4; lastKnownFileType = sourcecode.c.objc; path = loginView.m; sourceTree = "<group>"; };
		E85D08FB1AA5CF420088CA28 /* ListViewController.h */ = {isa = PBXFileReference; fileEncoding = 4; lastKnownFileType = sourcecode.c.h; path = ListViewController.h; sourceTree = "<group>"; };
		E85D08FC1AA5CF420088CA28 /* ListViewController.m */ = {isa = PBXFileReference; fileEncoding = 4; lastKnownFileType = sourcecode.c.objc; path = ListViewController.m; sourceTree = "<group>"; };
		E8FAA8981AA4A08700686796 /* pastaa.app */ = {isa = PBXFileReference; explicitFileType = wrapper.application; includeInIndex = 0; path = pastaa.app; sourceTree = BUILT_PRODUCTS_DIR; };
		E8FAA89C1AA4A08700686796 /* Info.plist */ = {isa = PBXFileReference; lastKnownFileType = text.plist.xml; path = Info.plist; sourceTree = "<group>"; };
		E8FAA89D1AA4A08700686796 /* main.m */ = {isa = PBXFileReference; lastKnownFileType = sourcecode.c.objc; path = main.m; sourceTree = "<group>"; };
		E8FAA89F1AA4A08700686796 /* AppDelegate.h */ = {isa = PBXFileReference; lastKnownFileType = sourcecode.c.h; path = AppDelegate.h; sourceTree = "<group>"; };
		E8FAA8A01AA4A08700686796 /* AppDelegate.m */ = {isa = PBXFileReference; lastKnownFileType = sourcecode.c.objc; path = AppDelegate.m; sourceTree = "<group>"; };
		E8FAA8A61AA4A08700686796 /* Base */ = {isa = PBXFileReference; lastKnownFileType = file.storyboard; name = Base; path = Base.lproj/Main.storyboard; sourceTree = "<group>"; };
		E8FAA8A81AA4A08700686796 /* Images.xcassets */ = {isa = PBXFileReference; lastKnownFileType = folder.assetcatalog; path = Images.xcassets; sourceTree = "<group>"; };
		E8FAA8AB1AA4A08700686796 /* Base */ = {isa = PBXFileReference; lastKnownFileType = file.xib; name = Base; path = Base.lproj/LaunchScreen.xib; sourceTree = "<group>"; };
		E8FAA8B11AA4A08700686796 /* pastaaTests.xctest */ = {isa = PBXFileReference; explicitFileType = wrapper.cfbundle; includeInIndex = 0; path = pastaaTests.xctest; sourceTree = BUILT_PRODUCTS_DIR; };
		E8FAA8B61AA4A08700686796 /* Info.plist */ = {isa = PBXFileReference; lastKnownFileType = text.plist.xml; path = Info.plist; sourceTree = "<group>"; };
		E8FAA8B71AA4A08700686796 /* pastaaTests.m */ = {isa = PBXFileReference; lastKnownFileType = sourcecode.c.objc; path = pastaaTests.m; sourceTree = "<group>"; };
		E8FAA8C11AA4A14E00686796 /* LoginViewController.h */ = {isa = PBXFileReference; fileEncoding = 4; lastKnownFileType = sourcecode.c.h; name = LoginViewController.h; path = ../LoginViewController.h; sourceTree = "<group>"; };
		E8FAA8C21AA4A14E00686796 /* LoginViewController.m */ = {isa = PBXFileReference; fileEncoding = 4; lastKnownFileType = sourcecode.c.objc; name = LoginViewController.m; path = ../LoginViewController.m; sourceTree = "<group>"; };
		E8FAA8C41AA4A54500686796 /* registerView.xib */ = {isa = PBXFileReference; fileEncoding = 4; lastKnownFileType = file.xib; path = registerView.xib; sourceTree = "<group>"; };
		E8FAA8C61AA4A61E00686796 /* foodTest.jpg */ = {isa = PBXFileReference; lastKnownFileType = image.jpeg; path = foodTest.jpg; sourceTree = "<group>"; };
		E8FAA8C81AA4A6A600686796 /* test.jpg */ = {isa = PBXFileReference; lastKnownFileType = image.jpeg; path = test.jpg; sourceTree = "<group>"; };
		E8FAA8CD1AA4ABA600686796 /* registerView.h */ = {isa = PBXFileReference; fileEncoding = 4; lastKnownFileType = sourcecode.c.h; name = registerView.h; path = ../registerView.h; sourceTree = "<group>"; };
		E8FAA8CE1AA4ABA600686796 /* registerView.m */ = {isa = PBXFileReference; fileEncoding = 4; lastKnownFileType = sourcecode.c.objc; name = registerView.m; path = ../registerView.m; sourceTree = "<group>"; };
/* End PBXFileReference section */

/* Begin PBXFrameworksBuildPhase section */
		E8FAA8951AA4A08700686796 /* Frameworks */ = {
			isa = PBXFrameworksBuildPhase;
			buildActionMask = 2147483647;
			files = (
				E85D08F51AA5C8AD0088CA28 /* UIKit.framework in Frameworks */,
				E85D08F31AA5C8A50088CA28 /* Foundation.framework in Frameworks */,
			);
			runOnlyForDeploymentPostprocessing = 0;
		};
		E8FAA8AE1AA4A08700686796 /* Frameworks */ = {
			isa = PBXFrameworksBuildPhase;
			buildActionMask = 2147483647;
			files = (
			);
			runOnlyForDeploymentPostprocessing = 0;
		};
/* End PBXFrameworksBuildPhase section */

/* Begin PBXGroup section */
		E8FAA88F1AA4A08600686796 = {
			isa = PBXGroup;
			children = (
				E85D08F41AA5C8AD0088CA28 /* UIKit.framework */,
				E85D08F21AA5C8A50088CA28 /* Foundation.framework */,
				E8FAA8C61AA4A61E00686796 /* foodTest.jpg */,
				E8FAA89A1AA4A08700686796 /* pastaa */,
				E8FAA8B41AA4A08700686796 /* pastaaTests */,
				E8FAA8991AA4A08700686796 /* Products */,
			);
			sourceTree = "<group>";
		};
		E8FAA8991AA4A08700686796 /* Products */ = {
			isa = PBXGroup;
			children = (
				E8FAA8981AA4A08700686796 /* pastaa.app */,
				E8FAA8B11AA4A08700686796 /* pastaaTests.xctest */,
			);
			name = Products;
			sourceTree = "<group>";
		};
		E8FAA89A1AA4A08700686796 /* pastaa */ = {
			isa = PBXGroup;
			children = (
				E8FAA8C11AA4A14E00686796 /* LoginViewController.h */,
				E8FAA8C21AA4A14E00686796 /* LoginViewController.m */,
				E8FAA89F1AA4A08700686796 /* AppDelegate.h */,
				E8FAA8A01AA4A08700686796 /* AppDelegate.m */,
				E8FAA8A51AA4A08700686796 /* Main.storyboard */,
				E85D08FB1AA5CF420088CA28 /* ListViewController.h */,
				E85D08FC1AA5CF420088CA28 /* ListViewController.m */,
				E8FAA8C81AA4A6A600686796 /* test.jpg */,
				E8FAA8C41AA4A54500686796 /* registerView.xib */,
				E85D08F61AA5CA080088CA28 /* loginView.xib */,
				E85D08F81AA5CCBA0088CA28 /* loginView.h */,
				E85D08F91AA5CCBA0088CA28 /* loginView.m */,
				E8FAA8CD1AA4ABA600686796 /* registerView.h */,
				E8FAA8CE1AA4ABA600686796 /* registerView.m */,
				E8FAA8A81AA4A08700686796 /* Images.xcassets */,
				E8FAA8AA1AA4A08700686796 /* LaunchScreen.xib */,
				E8FAA89B1AA4A08700686796 /* Supporting Files */,
			);
			path = pastaa;
			sourceTree = "<group>";
		};
		E8FAA89B1AA4A08700686796 /* Supporting Files */ = {
			isa = PBXGroup;
			children = (
				E8FAA89C1AA4A08700686796 /* Info.plist */,
				E8FAA89D1AA4A08700686796 /* main.m */,
			);
			name = "Supporting Files";
			sourceTree = "<group>";
		};
		E8FAA8B41AA4A08700686796 /* pastaaTests */ = {
			isa = PBXGroup;
			children = (
				E8FAA8B71AA4A08700686796 /* pastaaTests.m */,
				E8FAA8B51AA4A08700686796 /* Supporting Files */,
			);
			path = pastaaTests;
			sourceTree = "<group>";
		};
		E8FAA8B51AA4A08700686796 /* Supporting Files */ = {
			isa = PBXGroup;
			children = (
				E8FAA8B61AA4A08700686796 /* Info.plist */,
			);
			name = "Supporting Files";
			sourceTree = "<group>";
		};
/* End PBXGroup section */

/* Begin PBXNativeTarget section */
		E8FAA8971AA4A08700686796 /* pastaa */ = {
			isa = PBXNativeTarget;
			buildConfigurationList = E8FAA8BB1AA4A08700686796 /* Build configuration list for PBXNativeTarget "pastaa" */;
			buildPhases = (
				E8FAA8941AA4A08700686796 /* Sources */,
				E8FAA8951AA4A08700686796 /* Frameworks */,
				E8FAA8961AA4A08700686796 /* Resources */,
			);
			buildRules = (
			);
			dependencies = (
			);
			name = pastaa;
			productName = pastaa;
			productReference = E8FAA8981AA4A08700686796 /* pastaa.app */;
			productType = "com.apple.product-type.application";
		};
		E8FAA8B01AA4A08700686796 /* pastaaTests */ = {
			isa = PBXNativeTarget;
			buildConfigurationList = E8FAA8BE1AA4A08700686796 /* Build configuration list for PBXNativeTarget "pastaaTests" */;
			buildPhases = (
				E8FAA8AD1AA4A08700686796 /* Sources */,
				E8FAA8AE1AA4A08700686796 /* Frameworks */,
				E8FAA8AF1AA4A08700686796 /* Resources */,
			);
			buildRules = (
			);
			dependencies = (
				E8FAA8B31AA4A08700686796 /* PBXTargetDependency */,
			);
			name = pastaaTests;
			productName = pastaaTests;
			productReference = E8FAA8B11AA4A08700686796 /* pastaaTests.xctest */;
			productType = "com.apple.product-type.bundle.unit-test";
		};
/* End PBXNativeTarget section */

/* Begin PBXProject section */
		E8FAA8901AA4A08600686796 /* Project object */ = {
			isa = PBXProject;
			attributes = {
				LastUpgradeCheck = 0610;
				ORGANIZATIONNAME = "Reza Sazegarnezhad";
				TargetAttributes = {
					E8FAA8971AA4A08700686796 = {
						CreatedOnToolsVersion = 6.1.1;
					};
					E8FAA8B01AA4A08700686796 = {
						CreatedOnToolsVersion = 6.1.1;
						TestTargetID = E8FAA8971AA4A08700686796;
					};
				};
			};
			buildConfigurationList = E8FAA8931AA4A08600686796 /* Build configuration list for PBXProject "pastaa" */;
			compatibilityVersion = "Xcode 3.2";
			developmentRegion = English;
			hasScannedForEncodings = 0;
			knownRegions = (
				en,
				Base,
			);
			mainGroup = E8FAA88F1AA4A08600686796;
			productRefGroup = E8FAA8991AA4A08700686796 /* Products */;
			projectDirPath = "";
			projectRoot = "";
			targets = (
				E8FAA8971AA4A08700686796 /* pastaa */,
				E8FAA8B01AA4A08700686796 /* pastaaTests */,
			);
		};
/* End PBXProject section */

/* Begin PBXResourcesBuildPhase section */
		E8FAA8961AA4A08700686796 /* Resources */ = {
			isa = PBXResourcesBuildPhase;
			buildActionMask = 2147483647;
			files = (
				E8FAA8C71AA4A61E00686796 /* foodTest.jpg in Resources */,
				E8FAA8C91AA4A6A600686796 /* test.jpg in Resources */,
				E85D08F71AA5CA080088CA28 /* loginView.xib in Resources */,
				E8FAA8A71AA4A08700686796 /* Main.storyboard in Resources */,
				E8FAA8AC1AA4A08700686796 /* LaunchScreen.xib in Resources */,
				E8FAA8C51AA4A54500686796 /* registerView.xib in Resources */,
				E8FAA8A91AA4A08700686796 /* Images.xcassets in Resources */,
			);
			runOnlyForDeploymentPostprocessing = 0;
		};
		E8FAA8AF1AA4A08700686796 /* Resources */ = {
			isa = PBXResourcesBuildPhase;
			buildActionMask = 2147483647;
			files = (
			);
			runOnlyForDeploymentPostprocessing = 0;
		};
/* End PBXResourcesBuildPhase section */

/* Begin PBXSourcesBuildPhase section */
		E8FAA8941AA4A08700686796 /* Sources */ = {
			isa = PBXSourcesBuildPhase;
			buildActionMask = 2147483647;
			files = (
				E8FAA8A11AA4A08700686796 /* AppDelegate.m in Sources */,
				E8FAA8CF1AA4ABA600686796 /* registerView.m in Sources */,
				E85D08FD1AA5CF420088CA28 /* ListViewController.m in Sources */,
				E8FAA89E1AA4A08700686796 /* main.m in Sources */,
				E85D08FA1AA5CCBA0088CA28 /* loginView.m in Sources */,
				E8FAA8C31AA4A14E00686796 /* LoginViewController.m in Sources */,
			);
			runOnlyForDeploymentPostprocessing = 0;
		};
		E8FAA8AD1AA4A08700686796 /* Sources */ = {
			isa = PBXSourcesBuildPhase;
			buildActionMask = 2147483647;
			files = (
				E8FAA8B81AA4A08700686796 /* pastaaTests.m in Sources */,
			);
			runOnlyForDeploymentPostprocessing = 0;
		};
/* End PBXSourcesBuildPhase section */

/* Begin PBXTargetDependency section */
		E8FAA8B31AA4A08700686796 /* PBXTargetDependency */ = {
			isa = PBXTargetDependency;
			target = E8FAA8971AA4A08700686796 /* pastaa */;
			targetProxy = E8FAA8B21AA4A08700686796 /* PBXContainerItemProxy */;
		};
/* End PBXTargetDependency section */

/* Begin PBXVariantGroup section */
		E8FAA8A51AA4A08700686796 /* Main.storyboard */ = {
			isa = PBXVariantGroup;
			children = (
				E8FAA8A61AA4A08700686796 /* Base */,
			);
			name = Main.storyboard;
			sourceTree = "<group>";
		};
		E8FAA8AA1AA4A08700686796 /* LaunchScreen.xib */ = {
			isa = PBXVariantGroup;
			children = (
				E8FAA8AB1AA4A08700686796 /* Base */,
			);
			name = LaunchScreen.xib;
			sourceTree = "<group>";
		};
/* End PBXVariantGroup section */

/* Begin XCBuildConfiguration section */
		E8FAA8B91AA4A08700686796 /* Debug */ = {
			isa = XCBuildConfiguration;
			buildSettings = {
				ALWAYS_SEARCH_USER_PATHS = NO;
				CLANG_CXX_LANGUAGE_STANDARD = "gnu++0x";
				CLANG_CXX_LIBRARY = "libc++";
				CLANG_ENABLE_MODULES = YES;
				CLANG_ENABLE_OBJC_ARC = YES;
				CLANG_WARN_BOOL_CONVERSION = YES;
				CLANG_WARN_CONSTANT_CONVERSION = YES;
				CLANG_WARN_DIRECT_OBJC_ISA_USAGE = YES_ERROR;
				CLANG_WARN_EMPTY_BODY = YES;
				CLANG_WARN_ENUM_CONVERSION = YES;
				CLANG_WARN_INT_CONVERSION = YES;
				CLANG_WARN_OBJC_ROOT_CLASS = YES_ERROR;
				CLANG_WARN_UNREACHABLE_CODE = YES;
				CLANG_WARN__DUPLICATE_METHOD_MATCH = YES;
				"CODE_SIGN_IDENTITY[sdk=iphoneos*]" = "iPhone Developer";
				COPY_PHASE_STRIP = NO;
				ENABLE_STRICT_OBJC_MSGSEND = YES;
				GCC_C_LANGUAGE_STANDARD = gnu99;
				GCC_DYNAMIC_NO_PIC = NO;
				GCC_OPTIMIZATION_LEVEL = 0;
				GCC_PREPROCESSOR_DEFINITIONS = (
					"DEBUG=1",
					"$(inherited)",
				);
				GCC_SYMBOLS_PRIVATE_EXTERN = NO;
				GCC_WARN_64_TO_32_BIT_CONVERSION = YES;
				GCC_WARN_ABOUT_RETURN_TYPE = YES_ERROR;
				GCC_WARN_UNDECLARED_SELECTOR = YES;
				GCC_WARN_UNINITIALIZED_AUTOS = YES_AGGRESSIVE;
				GCC_WARN_UNUSED_FUNCTION = YES;
				GCC_WARN_UNUSED_VARIABLE = YES;
				IPHONEOS_DEPLOYMENT_TARGET = 8.1;
				MTL_ENABLE_DEBUG_INFO = YES;
				ONLY_ACTIVE_ARCH = YES;
				SDKROOT = iphoneos;
			};
			name = Debug;
		};
		E8FAA8BA1AA4A08700686796 /* Release */ = {
			isa = XCBuildConfiguration;
			buildSettings = {
				ALWAYS_SEARCH_USER_PATHS = NO;
				CLANG_CXX_LANGUAGE_STANDARD = "gnu++0x";
				CLANG_CXX_LIBRARY = "libc++";
				CLANG_ENABLE_MODULES = YES;
				CLANG_ENABLE_OBJC_ARC = YES;
				CLANG_WARN_BOOL_CONVERSION = YES;
				CLANG_WARN_CONSTANT_CONVERSION = YES;
				CLANG_WARN_DIRECT_OBJC_ISA_USAGE = YES_ERROR;
				CLANG_WARN_EMPTY_BODY = YES;
				CLANG_WARN_ENUM_CONVERSION = YES;
				CLANG_WARN_INT_CONVERSION = YES;
				CLANG_WARN_OBJC_ROOT_CLASS = YES_ERROR;
				CLANG_WARN_UNREACHABLE_CODE = YES;
				CLANG_WARN__DUPLICATE_METHOD_MATCH = YES;
				"CODE_SIGN_IDENTITY[sdk=iphoneos*]" = "iPhone Developer";
				COPY_PHASE_STRIP = YES;
				ENABLE_NS_ASSERTIONS = NO;
				ENABLE_STRICT_OBJC_MSGSEND = YES;
				GCC_C_LANGUAGE_STANDARD = gnu99;
				GCC_WARN_64_TO_32_BIT_CONVERSION = YES;
				GCC_WARN_ABOUT_RETURN_TYPE = YES_ERROR;
				GCC_WARN_UNDECLARED_SELECTOR = YES;
				GCC_WARN_UNINITIALIZED_AUTOS = YES_AGGRESSIVE;
				GCC_WARN_UNUSED_FUNCTION = YES;
				GCC_WARN_UNUSED_VARIABLE = YES;
				IPHONEOS_DEPLOYMENT_TARGET = 8.1;
				MTL_ENABLE_DEBUG_INFO = NO;
				SDKROOT = iphoneos;
				VALIDATE_PRODUCT = YES;
			};
			name = Release;
		};
		E8FAA8BC1AA4A08700686796 /* Debug */ = {
			isa = XCBuildConfiguration;
			buildSettings = {
				ASSETCATALOG_COMPILER_APPICON_NAME = AppIcon;
				INFOPLIST_FILE = pastaa/Info.plist;
				LD_RUNPATH_SEARCH_PATHS = "$(inherited) @executable_path/Frameworks";
				PRODUCT_NAME = "$(TARGET_NAME)";
			};
			name = Debug;
		};
		E8FAA8BD1AA4A08700686796 /* Release */ = {
			isa = XCBuildConfiguration;
			buildSettings = {
				ASSETCATALOG_COMPILER_APPICON_NAME = AppIcon;
				INFOPLIST_FILE = pastaa/Info.plist;
				LD_RUNPATH_SEARCH_PATHS = "$(inherited) @executable_path/Frameworks";
				PRODUCT_NAME = "$(TARGET_NAME)";
			};
			name = Release;
		};
		E8FAA8BF1AA4A08700686796 /* Debug */ = {
			isa = XCBuildConfiguration;
			buildSettings = {
				BUNDLE_LOADER = "$(TEST_HOST)";
				FRAMEWORK_SEARCH_PATHS = (
					"$(SDKROOT)/Developer/Library/Frameworks",
					"$(inherited)",
				);
				GCC_PREPROCESSOR_DEFINITIONS = (
					"DEBUG=1",
					"$(inherited)",
				);
				INFOPLIST_FILE = pastaaTests/Info.plist;
				LD_RUNPATH_SEARCH_PATHS = "$(inherited) @executable_path/Frameworks @loader_path/Frameworks";
				PRODUCT_NAME = "$(TARGET_NAME)";
				TEST_HOST = "$(BUILT_PRODUCTS_DIR)/pastaa.app/pastaa";
			};
			name = Debug;
		};
		E8FAA8C01AA4A08700686796 /* Release */ = {
			isa = XCBuildConfiguration;
			buildSettings = {
				BUNDLE_LOADER = "$(TEST_HOST)";
				FRAMEWORK_SEARCH_PATHS = (
					"$(SDKROOT)/Developer/Library/Frameworks",
					"$(inherited)",
				);
				INFOPLIST_FILE = pastaaTests/Info.plist;
				LD_RUNPATH_SEARCH_PATHS = "$(inherited) @executable_path/Frameworks @loader_path/Frameworks";
				PRODUCT_NAME = "$(TARGET_NAME)";
				TEST_HOST = "$(BUILT_PRODUCTS_DIR)/pastaa.app/pastaa";
			};
			name = Release;
		};
/* End XCBuildConfiguration section */

/* Begin XCConfigurationList section */
		E8FAA8931AA4A08600686796 /* Build configuration list for PBXProject "pastaa" */ = {
			isa = XCConfigurationList;
			buildConfigurations = (
				E8FAA8B91AA4A08700686796 /* Debug */,
				E8FAA8BA1AA4A08700686796 /* Release */,
			);
			defaultConfigurationIsVisible = 0;
			defaultConfigurationName = Release;
		};
		E8FAA8BB1AA4A08700686796 /* Build configuration list for PBXNativeTarget "pastaa" */ = {
			isa = XCConfigurationList;
			buildConfigurations = (
				E8FAA8BC1AA4A08700686796 /* Debug */,
				E8FAA8BD1AA4A08700686796 /* Release */,
			);
			defaultConfigurationIsVisible = 0;
			defaultConfigurationName = Release;
		};
		E8FAA8BE1AA4A08700686796 /* Build configuration list for PBXNativeTarget "pastaaTests" */ = {
			isa = XCConfigurationList;
			buildConfigurations = (
				E8FAA8BF1AA4A08700686796 /* Debug */,
				E8FAA8C01AA4A08700686796 /* Release */,
			);
			defaultConfigurationIsVisible = 0;
			defaultConfigurationName = Release;
		};
/* End XCConfigurationList section */
	};
	rootObject = E8FAA8901AA4A08600686796 /* Project object */;
}
